
Microsoft Visual Studio Solution File, Format Version 12.00
# Visual Studio 15
VisualStudioVersion = 15.0.28307.902
MinimumVisualStudioVersion = 10.0.40219.1
Project("{FAE04EC0-301F-11D3-BF4B-00C04F79EFBC}") = "task42", "task42\task42.csproj", "{BCB5035E-4644-4523-A486-F9F4E8EC82E7}"
EndProject
Global
	GlobalSection(SolutionConfigurationPlatforms) = preSolution
		Debug|Any CPU = Debug|Any CPU
		Release|Any CPU = Release|Any CPU
	EndGlobalSection
	GlobalSection(ProjectConfigurationPlatforms) = postSolution
		{BCB5035E-4644-4523-A486-F9F4E8EC82E7}.Debug|Any CPU.ActiveCfg = Debug|Any CPU
		{BCB5035E-4644-4523-A486-F9F4E8EC82E7}.Debug|Any CPU.Build.0 = Debug|Any CPU
		{BCB5035E-4644-4523-A486-F9F4E8EC82E7}.Release|Any CPU.ActiveCfg = Release|Any CPU
		{BCB5035E-4644-4523-A486-F9F4E8EC82E7}.Release|Any CPU.Build.0 = Release|Any CPU
	EndGlobalSection
	GlobalSection(SolutionProperties) = preSolution
		HideSolutionNode = FALSE
	EndGlobalSection
	GlobalSection(ExtensibilityGlobals) = postSolution
		SolutionGuid = {03486A0F-F354-4843-988A-3E10DCB76E03}
	EndGlobalSection
EndGlobal
