
Microsoft Visual Studio Solution File, Format Version 12.00
# Visual Studio 15
VisualStudioVersion = 15.0.28307.902
MinimumVisualStudioVersion = 10.0.40219.1
Project("{FAE04EC0-301F-11D3-BF4B-00C04F79EFBC}") = "task29", "task29\task29.csproj", "{180C946F-EA7C-4134-B177-FE84A5031732}"
EndProject
Global
	GlobalSection(SolutionConfigurationPlatforms) = preSolution
		Debug|Any CPU = Debug|Any CPU
		Release|Any CPU = Release|Any CPU
	EndGlobalSection
	GlobalSection(ProjectConfigurationPlatforms) = postSolution
		{180C946F-EA7C-4134-B177-FE84A5031732}.Debug|Any CPU.ActiveCfg = Debug|Any CPU
		{180C946F-EA7C-4134-B177-FE84A5031732}.Debug|Any CPU.Build.0 = Debug|Any CPU
		{180C946F-EA7C-4134-B177-FE84A5031732}.Release|Any CPU.ActiveCfg = Release|Any CPU
		{180C946F-EA7C-4134-B177-FE84A5031732}.Release|Any CPU.Build.0 = Release|Any CPU
	EndGlobalSection
	GlobalSection(SolutionProperties) = preSolution
		HideSolutionNode = FALSE
	EndGlobalSection
	GlobalSection(ExtensibilityGlobals) = postSolution
		SolutionGuid = {AEBFE66C-6CAA-442C-A5F4-8B99D77094F2}
	EndGlobalSection
EndGlobal
