
Microsoft Visual Studio Solution File, Format Version 12.00
# Visual Studio 15
VisualStudioVersion = 15.0.27703.2026
MinimumVisualStudioVersion = 10.0.40219.1
Project("{FAE04EC0-301F-11D3-BF4B-00C04F79EFBC}") = "task1", "task1\task1.csproj", "{E746B45B-BE36-4087-A4E9-ED32ED74A895}"
EndProject
Global
	GlobalSection(SolutionConfigurationPlatforms) = preSolution
		Debug|Any CPU = Debug|Any CPU
		Release|Any CPU = Release|Any CPU
	EndGlobalSection
	GlobalSection(ProjectConfigurationPlatforms) = postSolution
		{E746B45B-BE36-4087-A4E9-ED32ED74A895}.Debug|Any CPU.ActiveCfg = Debug|Any CPU
		{E746B45B-BE36-4087-A4E9-ED32ED74A895}.Debug|Any CPU.Build.0 = Debug|Any CPU
		{E746B45B-BE36-4087-A4E9-ED32ED74A895}.Release|Any CPU.ActiveCfg = Release|Any CPU
		{E746B45B-BE36-4087-A4E9-ED32ED74A895}.Release|Any CPU.Build.0 = Release|Any CPU
	EndGlobalSection
	GlobalSection(SolutionProperties) = preSolution
		HideSolutionNode = FALSE
	EndGlobalSection
	GlobalSection(ExtensibilityGlobals) = postSolution
		SolutionGuid = {B16C5F28-28F2-47A6-9A1F-3D50666ECD2A}
	EndGlobalSection
EndGlobal
