
Microsoft Visual Studio Solution File, Format Version 12.00
# Visual Studio 15
VisualStudioVersion = 15.0.28307.902
MinimumVisualStudioVersion = 10.0.40219.1
Project("{FAE04EC0-301F-11D3-BF4B-00C04F79EFBC}") = "task28", "task28\task28.csproj", "{46D54292-3BE6-4AAE-82A3-652BE6DEFCB6}"
EndProject
Global
	GlobalSection(SolutionConfigurationPlatforms) = preSolution
		Debug|Any CPU = Debug|Any CPU
		Release|Any CPU = Release|Any CPU
	EndGlobalSection
	GlobalSection(ProjectConfigurationPlatforms) = postSolution
		{46D54292-3BE6-4AAE-82A3-652BE6DEFCB6}.Debug|Any CPU.ActiveCfg = Debug|Any CPU
		{46D54292-3BE6-4AAE-82A3-652BE6DEFCB6}.Debug|Any CPU.Build.0 = Debug|Any CPU
		{46D54292-3BE6-4AAE-82A3-652BE6DEFCB6}.Release|Any CPU.ActiveCfg = Release|Any CPU
		{46D54292-3BE6-4AAE-82A3-652BE6DEFCB6}.Release|Any CPU.Build.0 = Release|Any CPU
	EndGlobalSection
	GlobalSection(SolutionProperties) = preSolution
		HideSolutionNode = FALSE
	EndGlobalSection
	GlobalSection(ExtensibilityGlobals) = postSolution
		SolutionGuid = {9AFC0497-7AA2-46CE-BA55-4B7730FB38F7}
	EndGlobalSection
EndGlobal
