
Microsoft Visual Studio Solution File, Format Version 12.00
# Visual Studio 15
VisualStudioVersion = 15.0.28307.902
MinimumVisualStudioVersion = 10.0.40219.1
Project("{FAE04EC0-301F-11D3-BF4B-00C04F79EFBC}") = "task12", "task12\task12.csproj", "{2FF7AAE8-C0A6-47FE-A085-1A5C65C04402}"
EndProject
Global
	GlobalSection(SolutionConfigurationPlatforms) = preSolution
		Debug|Any CPU = Debug|Any CPU
		Release|Any CPU = Release|Any CPU
	EndGlobalSection
	GlobalSection(ProjectConfigurationPlatforms) = postSolution
		{2FF7AAE8-C0A6-47FE-A085-1A5C65C04402}.Debug|Any CPU.ActiveCfg = Debug|Any CPU
		{2FF7AAE8-C0A6-47FE-A085-1A5C65C04402}.Debug|Any CPU.Build.0 = Debug|Any CPU
		{2FF7AAE8-C0A6-47FE-A085-1A5C65C04402}.Release|Any CPU.ActiveCfg = Release|Any CPU
		{2FF7AAE8-C0A6-47FE-A085-1A5C65C04402}.Release|Any CPU.Build.0 = Release|Any CPU
	EndGlobalSection
	GlobalSection(SolutionProperties) = preSolution
		HideSolutionNode = FALSE
	EndGlobalSection
	GlobalSection(ExtensibilityGlobals) = postSolution
		SolutionGuid = {3F641696-8993-4E19-B13B-A9EFDAB5EC71}
	EndGlobalSection
EndGlobal
