
Microsoft Visual Studio Solution File, Format Version 12.00
# Visual Studio 15
VisualStudioVersion = 15.0.28307.902
MinimumVisualStudioVersion = 10.0.40219.1
Project("{FAE04EC0-301F-11D3-BF4B-00C04F79EFBC}") = "task5", "task5\task5.csproj", "{FFFDF741-27C5-4107-8482-3FA6E56DB804}"
EndProject
Global
	GlobalSection(SolutionConfigurationPlatforms) = preSolution
		Debug|Any CPU = Debug|Any CPU
		Release|Any CPU = Release|Any CPU
	EndGlobalSection
	GlobalSection(ProjectConfigurationPlatforms) = postSolution
		{FFFDF741-27C5-4107-8482-3FA6E56DB804}.Debug|Any CPU.ActiveCfg = Debug|Any CPU
		{FFFDF741-27C5-4107-8482-3FA6E56DB804}.Debug|Any CPU.Build.0 = Debug|Any CPU
		{FFFDF741-27C5-4107-8482-3FA6E56DB804}.Release|Any CPU.ActiveCfg = Release|Any CPU
		{FFFDF741-27C5-4107-8482-3FA6E56DB804}.Release|Any CPU.Build.0 = Release|Any CPU
	EndGlobalSection
	GlobalSection(SolutionProperties) = preSolution
		HideSolutionNode = FALSE
	EndGlobalSection
	GlobalSection(ExtensibilityGlobals) = postSolution
		SolutionGuid = {5DE5D08C-7A7C-439D-82EC-B836A1657896}
	EndGlobalSection
EndGlobal
